// !$*UTF8*$!
{
	archiveVersion = 1;
	classes = {
	};
	objectVersion = 56;
	objects = {

/* Begin PBXBuildFile section */
		3010ADE32C96E46C00EE09A0 /* FoodMenuApp.swift in Sources */ = {isa = PBXBuildFile; fileRef = 3010ADE22C96E46C00EE09A0 /* FoodMenuApp.swift */; };
		3010ADE52C96E46C00EE09A0 /* ContentView.swift in Sources */ = {isa = PBXBuildFile; fileRef = 3010ADE42C96E46C00EE09A0 /* ContentView.swift */; };
		3010ADE72C96E46E00EE09A0 /* Assets.xcassets in Resources */ = {isa = PBXBuildFile; fileRef = 3010ADE62C96E46E00EE09A0 /* Assets.xcassets */; };
		3010ADEA2C96E46E00EE09A0 /* Preview Assets.xcassets in Resources */ = {isa = PBXBuildFile; fileRef = 3010ADE92C96E46E00EE09A0 /* Preview Assets.xcassets */; };
		3010ADF42C96E46E00EE09A0 /* FoodMenuTests.swift in Sources */ = {isa = PBXBuildFile; fileRef = 3010ADF32C96E46E00EE09A0 /* FoodMenuTests.swift */; };
		3010ADFE2C96E46E00EE09A0 /* FoodMenuUITests.swift in Sources */ = {isa = PBXBuildFile; fileRef = 3010ADFD2C96E46E00EE09A0 /* FoodMenuUITests.swift */; };
		3010AE002C96E46F00EE09A0 /* FoodMenuUITestsLaunchTests.swift in Sources */ = {isa = PBXBuildFile; fileRef = 3010ADFF2C96E46F00EE09A0 /* FoodMenuUITestsLaunchTests.swift */; };
		3010AE0D2C96E4C500EE09A0 /* Helper.swift in Sources */ = {isa = PBXBuildFile; fileRef = 3010AE0C2C96E4C500EE09A0 /* Helper.swift */; };
		3010AE102C96E4E500EE09A0 /* Order.swift in Sources */ = {isa = PBXBuildFile; fileRef = 3010AE0E2C96E4E500EE09A0 /* Order.swift */; };
		3010AE112C96E4E500EE09A0 /* Menu.swift in Sources */ = {isa = PBXBuildFile; fileRef = 3010AE0F2C96E4E500EE09A0 /* Menu.swift */; };
		3010AE132C96E4FB00EE09A0 /* menu.json in Resources */ = {isa = PBXBuildFile; fileRef = 3010AE122C96E4FB00EE09A0 /* menu.json */; };
		3010AE152C972E4B00EE09A0 /* ItemRow.swift in Sources */ = {isa = PBXBuildFile; fileRef = 3010AE142C972E4B00EE09A0 /* ItemRow.swift */; };
		3010AE172C97416500EE09A0 /* ItemDetail.swift in Sources */ = {isa = PBXBuildFile; fileRef = 3010AE162C97416500EE09A0 /* ItemDetail.swift */; };
/* End PBXBuildFile section */

/* Begin PBXContainerItemProxy section */
		3010ADF02C96E46E00EE09A0 /* PBXContainerItemProxy */ = {
			isa = PBXContainerItemProxy;
			containerPortal = 3010ADD72C96E46C00EE09A0 /* Project object */;
			proxyType = 1;
			remoteGlobalIDString = 3010ADDE2C96E46C00EE09A0;
			remoteInfo = FoodMenu;
		};
		3010ADFA2C96E46E00EE09A0 /* PBXContainerItemProxy */ = {
			isa = PBXContainerItemProxy;
			containerPortal = 3010ADD72C96E46C00EE09A0 /* Project object */;
			proxyType = 1;
			remoteGlobalIDString = 3010ADDE2C96E46C00EE09A0;
			remoteInfo = FoodMenu;
		};
/* End PBXContainerItemProxy section */

/* Begin PBXFileReference section */
		3010ADDF2C96E46C00EE09A0 /* FoodMenu.app */ = {isa = PBXFileReference; explicitFileType = wrapper.application; includeInIndex = 0; path = FoodMenu.app; sourceTree = BUILT_PRODUCTS_DIR; };
		3010ADE22C96E46C00EE09A0 /* FoodMenuApp.swift */ = {isa = PBXFileReference; lastKnownFileType = sourcecode.swift; path = FoodMenuApp.swift; sourceTree = "<group>"; };
		3010ADE42C96E46C00EE09A0 /* ContentView.swift */ = {isa = PBXFileReference; lastKnownFileType = sourcecode.swift; path = ContentView.swift; sourceTree = "<group>"; };
		3010ADE62C96E46E00EE09A0 /* Assets.xcassets */ = {isa = PBXFileReference; lastKnownFileType = folder.assetcatalog; path = Assets.xcassets; sourceTree = "<group>"; };
		3010ADE92C96E46E00EE09A0 /* Preview Assets.xcassets */ = {isa = PBXFileReference; lastKnownFileType = folder.assetcatalog; path = "Preview Assets.xcassets"; sourceTree = "<group>"; };
		3010ADEF2C96E46E00EE09A0 /* FoodMenuTests.xctest */ = {isa = PBXFileReference; explicitFileType = wrapper.cfbundle; includeInIndex = 0; path = FoodMenuTests.xctest; sourceTree = BUILT_PRODUCTS_DIR; };
		3010ADF32C96E46E00EE09A0 /* FoodMenuTests.swift */ = {isa = PBXFileReference; lastKnownFileType = sourcecode.swift; path = FoodMenuTests.swift; sourceTree = "<group>"; };
		3010ADF92C96E46E00EE09A0 /* FoodMenuUITests.xctest */ = {isa = PBXFileReference; explicitFileType = wrapper.cfbundle; includeInIndex = 0; path = FoodMenuUITests.xctest; sourceTree = BUILT_PRODUCTS_DIR; };
		3010ADFD2C96E46E00EE09A0 /* FoodMenuUITests.swift */ = {isa = PBXFileReference; lastKnownFileType = sourcecode.swift; path = FoodMenuUITests.swift; sourceTree = "<group>"; };
		3010ADFF2C96E46F00EE09A0 /* FoodMenuUITestsLaunchTests.swift */ = {isa = PBXFileReference; lastKnownFileType = sourcecode.swift; path = FoodMenuUITestsLaunchTests.swift; sourceTree = "<group>"; };
		3010AE0C2C96E4C500EE09A0 /* Helper.swift */ = {isa = PBXFileReference; fileEncoding = 4; lastKnownFileType = sourcecode.swift; path = Helper.swift; sourceTree = "<group>"; };
		3010AE0E2C96E4E500EE09A0 /* Order.swift */ = {isa = PBXFileReference; fileEncoding = 4; lastKnownFileType = sourcecode.swift; path = Order.swift; sourceTree = "<group>"; };
		3010AE0F2C96E4E500EE09A0 /* Menu.swift */ = {isa = PBXFileReference; fileEncoding = 4; lastKnownFileType = sourcecode.swift; path = Menu.swift; sourceTree = "<group>"; };
		3010AE122C96E4FB00EE09A0 /* menu.json */ = {isa = PBXFileReference; fileEncoding = 4; lastKnownFileType = text.json; path = menu.json; sourceTree = "<group>"; };
		3010AE142C972E4B00EE09A0 /* ItemRow.swift */ = {isa = PBXFileReference; lastKnownFileType = sourcecode.swift; path = ItemRow.swift; sourceTree = "<group>"; };
		3010AE162C97416500EE09A0 /* ItemDetail.swift */ = {isa = PBXFileReference; lastKnownFileType = sourcecode.swift; path = ItemDetail.swift; sourceTree = "<group>"; };
/* End PBXFileReference section */

/* Begin PBXFrameworksBuildPhase section */
		3010ADDC2C96E46C00EE09A0 /* Frameworks */ = {
			isa = PBXFrameworksBuildPhase;
			buildActionMask = 2147483647;
			files = (
			);
			runOnlyForDeploymentPostprocessing = 0;
		};
		3010ADEC2C96E46E00EE09A0 /* Frameworks */ = {
			isa = PBXFrameworksBuildPhase;
			buildActionMask = 2147483647;
			files = (
			);
			runOnlyForDeploymentPostprocessing = 0;
		};
		3010ADF62C96E46E00EE09A0 /* Frameworks */ = {
			isa = PBXFrameworksBuildPhase;
			buildActionMask = 2147483647;
			files = (
			);
			runOnlyForDeploymentPostprocessing = 0;
		};
/* End PBXFrameworksBuildPhase section */

/* Begin PBXGroup section */
		3010ADD62C96E46C00EE09A0 = {
			isa = PBXGroup;
			children = (
				3010ADE12C96E46C00EE09A0 /* FoodMenu */,
				3010ADF22C96E46E00EE09A0 /* FoodMenuTests */,
				3010ADFC2C96E46E00EE09A0 /* FoodMenuUITests */,
				3010ADE02C96E46C00EE09A0 /* Products */,
			);
			sourceTree = "<group>";
		};
		3010ADE02C96E46C00EE09A0 /* Products */ = {
			isa = PBXGroup;
			children = (
				3010ADDF2C96E46C00EE09A0 /* FoodMenu.app */,
				3010ADEF2C96E46E00EE09A0 /* FoodMenuTests.xctest */,
				3010ADF92C96E46E00EE09A0 /* FoodMenuUITests.xctest */,
			);
			name = Products;
			sourceTree = "<group>";
		};
		3010ADE12C96E46C00EE09A0 /* FoodMenu */ = {
			isa = PBXGroup;
			children = (
				3010AE122C96E4FB00EE09A0 /* menu.json */,
				3010AE0F2C96E4E500EE09A0 /* Menu.swift */,
				3010AE0E2C96E4E500EE09A0 /* Order.swift */,
				3010AE0C2C96E4C500EE09A0 /* Helper.swift */,
				3010ADE22C96E46C00EE09A0 /* FoodMenuApp.swift */,
				3010ADE42C96E46C00EE09A0 /* ContentView.swift */,
				3010AE162C97416500EE09A0 /* ItemDetail.swift */,
				3010AE142C972E4B00EE09A0 /* ItemRow.swift */,
				3010ADE62C96E46E00EE09A0 /* Assets.xcassets */,
				3010ADE82C96E46E00EE09A0 /* Preview Content */,
			);
			path = FoodMenu;
			sourceTree = "<group>";
		};
		3010ADE82C96E46E00EE09A0 /* Preview Content */ = {
			isa = PBXGroup;
			children = (
				3010ADE92C96E46E00EE09A0 /* Preview Assets.xcassets */,
			);
			path = "Preview Content";
			sourceTree = "<group>";
		};
		3010ADF22C96E46E00EE09A0 /* FoodMenuTests */ = {
			isa = PBXGroup;
			children = (
				3010ADF32C96E46E00EE09A0 /* FoodMenuTests.swift */,
			);
			path = FoodMenuTests;
			sourceTree = "<group>";
		};
		3010ADFC2C96E46E00EE09A0 /* FoodMenuUITests */ = {
			isa = PBXGroup;
			children = (
				3010ADFD2C96E46E00EE09A0 /* FoodMenuUITests.swift */,
				3010ADFF2C96E46F00EE09A0 /* FoodMenuUITestsLaunchTests.swift */,
			);
			path = FoodMenuUITests;
			sourceTree = "<group>";
		};
/* End PBXGroup section */

/* Begin PBXNativeTarget section */
		3010ADDE2C96E46C00EE09A0 /* FoodMenu */ = {
			isa = PBXNativeTarget;
			buildConfigurationList = 3010AE032C96E46F00EE09A0 /* Build configuration list for PBXNativeTarget "FoodMenu" */;
			buildPhases = (
				3010ADDB2C96E46C00EE09A0 /* Sources */,
				3010ADDC2C96E46C00EE09A0 /* Frameworks */,
				3010ADDD2C96E46C00EE09A0 /* Resources */,
			);
			buildRules = (
			);
			dependencies = (
			);
			name = FoodMenu;
			productName = FoodMenu;
			productReference = 3010ADDF2C96E46C00EE09A0 /* FoodMenu.app */;
			productType = "com.apple.product-type.application";
		};
		3010ADEE2C96E46E00EE09A0 /* FoodMenuTests */ = {
			isa = PBXNativeTarget;
			buildConfigurationList = 3010AE062C96E46F00EE09A0 /* Build configuration list for PBXNativeTarget "FoodMenuTests" */;
			buildPhases = (
				3010ADEB2C96E46E00EE09A0 /* Sources */,
				3010ADEC2C96E46E00EE09A0 /* Frameworks */,
				3010ADED2C96E46E00EE09A0 /* Resources */,
			);
			buildRules = (
			);
			dependencies = (
				3010ADF12C96E46E00EE09A0 /* PBXTargetDependency */,
			);
			name = FoodMenuTests;
			productName = FoodMenuTests;
			productReference = 3010ADEF2C96E46E00EE09A0 /* FoodMenuTests.xctest */;
			productType = "com.apple.product-type.bundle.unit-test";
		};
		3010ADF82C96E46E00EE09A0 /* FoodMenuUITests */ = {
			isa = PBXNativeTarget;
			buildConfigurationList = 3010AE092C96E46F00EE09A0 /* Build configuration list for PBXNativeTarget "FoodMenuUITests" */;
			buildPhases = (
				3010ADF52C96E46E00EE09A0 /* Sources */,
				3010ADF62C96E46E00EE09A0 /* Frameworks */,
				3010ADF72C96E46E00EE09A0 /* Resources */,
			);
			buildRules = (
			);
			dependencies = (
				3010ADFB2C96E46E00EE09A0 /* PBXTargetDependency */,
			);
			name = FoodMenuUITests;
			productName = FoodMenuUITests;
			productReference = 3010ADF92C96E46E00EE09A0 /* FoodMenuUITests.xctest */;
			productType = "com.apple.product-type.bundle.ui-testing";
		};
/* End PBXNativeTarget section */

/* Begin PBXProject section */
		3010ADD72C96E46C00EE09A0 /* Project object */ = {
			isa = PBXProject;
			attributes = {
				BuildIndependentTargetsInParallel = 1;
				LastSwiftUpdateCheck = 1540;
				LastUpgradeCheck = 1540;
				TargetAttributes = {
					3010ADDE2C96E46C00EE09A0 = {
						CreatedOnToolsVersion = 15.4;
					};
					3010ADEE2C96E46E00EE09A0 = {
						CreatedOnToolsVersion = 15.4;
						TestTargetID = 3010ADDE2C96E46C00EE09A0;
					};
					3010ADF82C96E46E00EE09A0 = {
						CreatedOnToolsVersion = 15.4;
						TestTargetID = 3010ADDE2C96E46C00EE09A0;
					};
				};
			};
			buildConfigurationList = 3010ADDA2C96E46C00EE09A0 /* Build configuration list for PBXProject "FoodMenu" */;
			compatibilityVersion = "Xcode 14.0";
			developmentRegion = en;
			hasScannedForEncodings = 0;
			knownRegions = (
				en,
				Base,
			);
			mainGroup = 3010ADD62C96E46C00EE09A0;
			productRefGroup = 3010ADE02C96E46C00EE09A0 /* Products */;
			projectDirPath = "";
			projectRoot = "";
			targets = (
				3010ADDE2C96E46C00EE09A0 /* FoodMenu */,
				3010ADEE2C96E46E00EE09A0 /* FoodMenuTests */,
				3010ADF82C96E46E00EE09A0 /* FoodMenuUITests */,
			);
		};
/* End PBXProject section */

/* Begin PBXResourcesBuildPhase section */
		3010ADDD2C96E46C00EE09A0 /* Resources */ = {
			isa = PBXResourcesBuildPhase;
			buildActionMask = 2147483647;
			files = (
				3010AE132C96E4FB00EE09A0 /* menu.json in Resources */,
				3010ADEA2C96E46E00EE09A0 /* Preview Assets.xcassets in Resources */,
				3010ADE72C96E46E00EE09A0 /* Assets.xcassets in Resources */,
			);
			runOnlyForDeploymentPostprocessing = 0;
		};
		3010ADED2C96E46E00EE09A0 /* Resources */ = {
			isa = PBXResourcesBuildPhase;
			buildActionMask = 2147483647;
			files = (
			);
			runOnlyForDeploymentPostprocessing = 0;
		};
		3010ADF72C96E46E00EE09A0 /* Resources */ = {
			isa = PBXResourcesBuildPhase;
			buildActionMask = 2147483647;
			files = (
			);
			runOnlyForDeploymentPostprocessing = 0;
		};
/* End PBXResourcesBuildPhase section */

/* Begin PBXSourcesBuildPhase section */
		3010ADDB2C96E46C00EE09A0 /* Sources */ = {
			isa = PBXSourcesBuildPhase;
			buildActionMask = 2147483647;
			files = (
				3010AE172C97416500EE09A0 /* ItemDetail.swift in Sources */,
				3010ADE52C96E46C00EE09A0 /* ContentView.swift in Sources */,
				3010ADE32C96E46C00EE09A0 /* FoodMenuApp.swift in Sources */,
				3010AE102C96E4E500EE09A0 /* Order.swift in Sources */,
				3010AE152C972E4B00EE09A0 /* ItemRow.swift in Sources */,
				3010AE0D2C96E4C500EE09A0 /* Helper.swift in Sources */,
				3010AE112C96E4E500EE09A0 /* Menu.swift in Sources */,
			);
			runOnlyForDeploymentPostprocessing = 0;
		};
		3010ADEB2C96E46E00EE09A0 /* Sources */ = {
			isa = PBXSourcesBuildPhase;
			buildActionMask = 2147483647;
			files = (
				3010ADF42C96E46E00EE09A0 /* FoodMenuTests.swift in Sources */,
			);
			runOnlyForDeploymentPostprocessing = 0;
		};
		3010ADF52C96E46E00EE09A0 /* Sources */ = {
			isa = PBXSourcesBuildPhase;
			buildActionMask = 2147483647;
			files = (
				3010AE002C96E46F00EE09A0 /* FoodMenuUITestsLaunchTests.swift in Sources */,
				3010ADFE2C96E46E00EE09A0 /* FoodMenuUITests.swift in Sources */,
			);
			runOnlyForDeploymentPostprocessing = 0;
		};
/* End PBXSourcesBuildPhase section */

/* Begin PBXTargetDependency section */
		3010ADF12C96E46E00EE09A0 /* PBXTargetDependency */ = {
			isa = PBXTargetDependency;
			target = 3010ADDE2C96E46C00EE09A0 /* FoodMenu */;
			targetProxy = 3010ADF02C96E46E00EE09A0 /* PBXContainerItemProxy */;
		};
		3010ADFB2C96E46E00EE09A0 /* PBXTargetDependency */ = {
			isa = PBXTargetDependency;
			target = 3010ADDE2C96E46C00EE09A0 /* FoodMenu */;
			targetProxy = 3010ADFA2C96E46E00EE09A0 /* PBXContainerItemProxy */;
		};
/* End PBXTargetDependency section */

/* Begin XCBuildConfiguration section */
		3010AE012C96E46F00EE09A0 /* Debug */ = {
			isa = XCBuildConfiguration;
			buildSettings = {
				ALWAYS_SEARCH_USER_PATHS = NO;
				ASSETCATALOG_COMPILER_GENERATE_SWIFT_ASSET_SYMBOL_EXTENSIONS = YES;
				CLANG_ANALYZER_NONNULL = YES;
				CLANG_ANALYZER_NUMBER_OBJECT_CONVERSION = YES_AGGRESSIVE;
				CLANG_CXX_LANGUAGE_STANDARD = "gnu++20";
				CLANG_ENABLE_MODULES = YES;
				CLANG_ENABLE_OBJC_ARC = YES;
				CLANG_ENABLE_OBJC_WEAK = YES;
				CLANG_WARN_BLOCK_CAPTURE_AUTORELEASING = YES;
				CLANG_WARN_BOOL_CONVERSION = YES;
				CLANG_WARN_COMMA = YES;
				CLANG_WARN_CONSTANT_CONVERSION = YES;
				CLANG_WARN_DEPRECATED_OBJC_IMPLEMENTATIONS = YES;
				CLANG_WARN_DIRECT_OBJC_ISA_USAGE = YES_ERROR;
				CLANG_WARN_DOCUMENTATION_COMMENTS = YES;
				CLANG_WARN_EMPTY_BODY = YES;
				CLANG_WARN_ENUM_CONVERSION = YES;
				CLANG_WARN_INFINITE_RECURSION = YES;
				CLANG_WARN_INT_CONVERSION = YES;
				CLANG_WARN_NON_LITERAL_NULL_CONVERSION = YES;
				CLANG_WARN_OBJC_IMPLICIT_RETAIN_SELF = YES;
				CLANG_WARN_OBJC_LITERAL_CONVERSION = YES;
				CLANG_WARN_OBJC_ROOT_CLASS = YES_ERROR;
				CLANG_WARN_QUOTED_INCLUDE_IN_FRAMEWORK_HEADER = YES;
				CLANG_WARN_RANGE_LOOP_ANALYSIS = YES;
				CLANG_WARN_STRICT_PROTOTYPES = YES;
				CLANG_WARN_SUSPICIOUS_MOVE = YES;
				CLANG_WARN_UNGUARDED_AVAILABILITY = YES_AGGRESSIVE;
				CLANG_WARN_UNREACHABLE_CODE = YES;
				CLANG_WARN__DUPLICATE_METHOD_MATCH = YES;
				COPY_PHASE_STRIP = NO;
				DEBUG_INFORMATION_FORMAT = dwarf;
				ENABLE_STRICT_OBJC_MSGSEND = YES;
				ENABLE_TESTABILITY = YES;
				ENABLE_USER_SCRIPT_SANDBOXING = YES;
				GCC_C_LANGUAGE_STANDARD = gnu17;
				GCC_DYNAMIC_NO_PIC = NO;
				GCC_NO_COMMON_BLOCKS = YES;
				GCC_OPTIMIZATION_LEVEL = 0;
				GCC_PREPROCESSOR_DEFINITIONS = (
					"DEBUG=1",
					"$(inherited)",
				);
				GCC_WARN_64_TO_32_BIT_CONVERSION = YES;
				GCC_WARN_ABOUT_RETURN_TYPE = YES_ERROR;
				GCC_WARN_UNDECLARED_SELECTOR = YES;
				GCC_WARN_UNINITIALIZED_AUTOS = YES_AGGRESSIVE;
				GCC_WARN_UNUSED_FUNCTION = YES;
				GCC_WARN_UNUSED_VARIABLE = YES;
				IPHONEOS_DEPLOYMENT_TARGET = 17.5;
				LOCALIZATION_PREFERS_STRING_CATALOGS = YES;
				MTL_ENABLE_DEBUG_INFO = INCLUDE_SOURCE;
				MTL_FAST_MATH = YES;
				ONLY_ACTIVE_ARCH = YES;
				SDKROOT = iphoneos;
				SWIFT_ACTIVE_COMPILATION_CONDITIONS = "DEBUG $(inherited)";
				SWIFT_OPTIMIZATION_LEVEL = "-Onone";
			};
			name = Debug;
		};
		3010AE022C96E46F00EE09A0 /* Release */ = {
			isa = XCBuildConfiguration;
			buildSettings = {
				ALWAYS_SEARCH_USER_PATHS = NO;
				ASSETCATALOG_COMPILER_GENERATE_SWIFT_ASSET_SYMBOL_EXTENSIONS = YES;
				CLANG_ANALYZER_NONNULL = YES;
				CLANG_ANALYZER_NUMBER_OBJECT_CONVERSION = YES_AGGRESSIVE;
				CLANG_CXX_LANGUAGE_STANDARD = "gnu++20";
				CLANG_ENABLE_MODULES = YES;
				CLANG_ENABLE_OBJC_ARC = YES;
				CLANG_ENABLE_OBJC_WEAK = YES;
				CLANG_WARN_BLOCK_CAPTURE_AUTORELEASING = YES;
				CLANG_WARN_BOOL_CONVERSION = YES;
				CLANG_WARN_COMMA = YES;
				CLANG_WARN_CONSTANT_CONVERSION = YES;
				CLANG_WARN_DEPRECATED_OBJC_IMPLEMENTATIONS = YES;
				CLANG_WARN_DIRECT_OBJC_ISA_USAGE = YES_ERROR;
				CLANG_WARN_DOCUMENTATION_COMMENTS = YES;
				CLANG_WARN_EMPTY_BODY = YES;
				CLANG_WARN_ENUM_CONVERSION = YES;
				CLANG_WARN_INFINITE_RECURSION = YES;
				CLANG_WARN_INT_CONVERSION = YES;
				CLANG_WARN_NON_LITERAL_NULL_CONVERSION = YES;
				CLANG_WARN_OBJC_IMPLICIT_RETAIN_SELF = YES;
				CLANG_WARN_OBJC_LITERAL_CONVERSION = YES;
				CLANG_WARN_OBJC_ROOT_CLASS = YES_ERROR;
				CLANG_WARN_QUOTED_INCLUDE_IN_FRAMEWORK_HEADER = YES;
				CLANG_WARN_RANGE_LOOP_ANALYSIS = YES;
				CLANG_WARN_STRICT_PROTOTYPES = YES;
				CLANG_WARN_SUSPICIOUS_MOVE = YES;
				CLANG_WARN_UNGUARDED_AVAILABILITY = YES_AGGRESSIVE;
				CLANG_WARN_UNREACHABLE_CODE = YES;
				CLANG_WARN__DUPLICATE_METHOD_MATCH = YES;
				COPY_PHASE_STRIP = NO;
				DEBUG_INFORMATION_FORMAT = "dwarf-with-dsym";
				ENABLE_NS_ASSERTIONS = NO;
				ENABLE_STRICT_OBJC_MSGSEND = YES;
				ENABLE_USER_SCRIPT_SANDBOXING = YES;
				GCC_C_LANGUAGE_STANDARD = gnu17;
				GCC_NO_COMMON_BLOCKS = YES;
				GCC_WARN_64_TO_32_BIT_CONVERSION = YES;
				GCC_WARN_ABOUT_RETURN_TYPE = YES_ERROR;
				GCC_WARN_UNDECLARED_SELECTOR = YES;
				GCC_WARN_UNINITIALIZED_AUTOS = YES_AGGRESSIVE;
				GCC_WARN_UNUSED_FUNCTION = YES;
				GCC_WARN_UNUSED_VARIABLE = YES;
				IPHONEOS_DEPLOYMENT_TARGET = 17.5;
				LOCALIZATION_PREFERS_STRING_CATALOGS = YES;
				MTL_ENABLE_DEBUG_INFO = NO;
				MTL_FAST_MATH = YES;
				SDKROOT = iphoneos;
				SWIFT_COMPILATION_MODE = wholemodule;
				VALIDATE_PRODUCT = YES;
			};
			name = Release;
		};
		3010AE042C96E46F00EE09A0 /* Debug */ = {
			isa = XCBuildConfiguration;
			buildSettings = {
				ASSETCATALOG_COMPILER_APPICON_NAME = AppIcon;
				ASSETCATALOG_COMPILER_GLOBAL_ACCENT_COLOR_NAME = AccentColor;
				CODE_SIGN_STYLE = Automatic;
				CURRENT_PROJECT_VERSION = 1;
				DEVELOPMENT_ASSET_PATHS = "\"FoodMenu/Preview Content\"";
				DEVELOPMENT_TEAM = 5BVB9D4E58;
				ENABLE_PREVIEWS = YES;
				GENERATE_INFOPLIST_FILE = YES;
				INFOPLIST_KEY_UIApplicationSceneManifest_Generation = YES;
				INFOPLIST_KEY_UIApplicationSupportsIndirectInputEvents = YES;
				INFOPLIST_KEY_UILaunchScreen_Generation = YES;
				INFOPLIST_KEY_UISupportedInterfaceOrientations_iPad = "UIInterfaceOrientationPortrait UIInterfaceOrientationPortraitUpsideDown UIInterfaceOrientationLandscapeLeft UIInterfaceOrientationLandscapeRight";
				INFOPLIST_KEY_UISupportedInterfaceOrientations_iPhone = "UIInterfaceOrientationPortrait UIInterfaceOrientationLandscapeLeft UIInterfaceOrientationLandscapeRight";
				LD_RUNPATH_SEARCH_PATHS = (
					"$(inherited)",
					"@executable_path/Frameworks",
				);
				MARKETING_VERSION = 1.0;
				PRODUCT_BUNDLE_IDENTIFIER = bj.fr.se.FoodMenu;
				PRODUCT_NAME = "$(TARGET_NAME)";
				SWIFT_EMIT_LOC_STRINGS = YES;
				SWIFT_VERSION = 5.0;
				TARGETED_DEVICE_FAMILY = "1,2";
			};
			name = Debug;
		};
		3010AE052C96E46F00EE09A0 /* Release */ = {
			isa = XCBuildConfiguration;
			buildSettings = {
				ASSETCATALOG_COMPILER_APPICON_NAME = AppIcon;
				ASSETCATALOG_COMPILER_GLOBAL_ACCENT_COLOR_NAME = AccentColor;
				CODE_SIGN_STYLE = Automatic;
				CURRENT_PROJECT_VERSION = 1;
				DEVELOPMENT_ASSET_PATHS = "\"FoodMenu/Preview Content\"";
				DEVELOPMENT_TEAM = 5BVB9D4E58;
				ENABLE_PREVIEWS = YES;
				GENERATE_INFOPLIST_FILE = YES;
				INFOPLIST_KEY_UIApplicationSceneManifest_Generation = YES;
				INFOPLIST_KEY_UIApplicationSupportsIndirectInputEvents = YES;
				INFOPLIST_KEY_UILaunchScreen_Generation = YES;
				INFOPLIST_KEY_UISupportedInterfaceOrientations_iPad = "UIInterfaceOrientationPortrait UIInterfaceOrientationPortraitUpsideDown UIInterfaceOrientationLandscapeLeft UIInterfaceOrientationLandscapeRight";
				INFOPLIST_KEY_UISupportedInterfaceOrientations_iPhone = "UIInterfaceOrientationPortrait UIInterfaceOrientationLandscapeLeft UIInterfaceOrientationLandscapeRight";
				LD_RUNPATH_SEARCH_PATHS = (
					"$(inherited)",
					"@executable_path/Frameworks",
				);
				MARKETING_VERSION = 1.0;
				PRODUCT_BUNDLE_IDENTIFIER = bj.fr.se.FoodMenu;
				PRODUCT_NAME = "$(TARGET_NAME)";
				SWIFT_EMIT_LOC_STRINGS = YES;
				SWIFT_VERSION = 5.0;
				TARGETED_DEVICE_FAMILY = "1,2";
			};
			name = Release;
		};
		3010AE072C96E46F00EE09A0 /* Debug */ = {
			isa = XCBuildConfiguration;
			buildSettings = {
				ALWAYS_EMBED_SWIFT_STANDARD_LIBRARIES = YES;
				BUNDLE_LOADER = "$(TEST_HOST)";
				CODE_SIGN_STYLE = Automatic;
				CURRENT_PROJECT_VERSION = 1;
				DEVELOPMENT_TEAM = 5BVB9D4E58;
				GENERATE_INFOPLIST_FILE = YES;
				IPHONEOS_DEPLOYMENT_TARGET = 17.5;
				MARKETING_VERSION = 1.0;
				PRODUCT_BUNDLE_IDENTIFIER = bj.fr.se.FoodMenuTests;
				PRODUCT_NAME = "$(TARGET_NAME)";
				SWIFT_EMIT_LOC_STRINGS = NO;
				SWIFT_VERSION = 5.0;
				TARGETED_DEVICE_FAMILY = "1,2";
				TEST_HOST = "$(BUILT_PRODUCTS_DIR)/FoodMenu.app/$(BUNDLE_EXECUTABLE_FOLDER_PATH)/FoodMenu";
			};
			name = Debug;
		};
		3010AE082C96E46F00EE09A0 /* Release */ = {
			isa = XCBuildConfiguration;
			buildSettings = {
				ALWAYS_EMBED_SWIFT_STANDARD_LIBRARIES = YES;
				BUNDLE_LOADER = "$(TEST_HOST)";
				CODE_SIGN_STYLE = Automatic;
				CURRENT_PROJECT_VERSION = 1;
				DEVELOPMENT_TEAM = 5BVB9D4E58;
				GENERATE_INFOPLIST_FILE = YES;
				IPHONEOS_DEPLOYMENT_TARGET = 17.5;
				MARKETING_VERSION = 1.0;
				PRODUCT_BUNDLE_IDENTIFIER = bj.fr.se.FoodMenuTests;
				PRODUCT_NAME = "$(TARGET_NAME)";
				SWIFT_EMIT_LOC_STRINGS = NO;
				SWIFT_VERSION = 5.0;
				TARGETED_DEVICE_FAMILY = "1,2";
				TEST_HOST = "$(BUILT_PRODUCTS_DIR)/FoodMenu.app/$(BUNDLE_EXECUTABLE_FOLDER_PATH)/FoodMenu";
			};
			name = Release;
		};
		3010AE0A2C96E46F00EE09A0 /* Debug */ = {
			isa = XCBuildConfiguration;
			buildSettings = {
				ALWAYS_EMBED_SWIFT_STANDARD_LIBRARIES = YES;
				CODE_SIGN_STYLE = Automatic;
				CURRENT_PROJECT_VERSION = 1;
				DEVELOPMENT_TEAM = 5BVB9D4E58;
				GENERATE_INFOPLIST_FILE = YES;
				MARKETING_VERSION = 1.0;
				PRODUCT_BUNDLE_IDENTIFIER = bj.fr.se.FoodMenuUITests;
				PRODUCT_NAME = "$(TARGET_NAME)";
				SWIFT_EMIT_LOC_STRINGS = NO;
				SWIFT_VERSION = 5.0;
				TARGETED_DEVICE_FAMILY = "1,2";
				TEST_TARGET_NAME = FoodMenu;
			};
			name = Debug;
		};
		3010AE0B2C96E46F00EE09A0 /* Release */ = {
			isa = XCBuildConfiguration;
			buildSettings = {
				ALWAYS_EMBED_SWIFT_STANDARD_LIBRARIES = YES;
				CODE_SIGN_STYLE = Automatic;
				CURRENT_PROJECT_VERSION = 1;
				DEVELOPMENT_TEAM = 5BVB9D4E58;
				GENERATE_INFOPLIST_FILE = YES;
				MARKETING_VERSION = 1.0;
				PRODUCT_BUNDLE_IDENTIFIER = bj.fr.se.FoodMenuUITests;
				PRODUCT_NAME = "$(TARGET_NAME)";
				SWIFT_EMIT_LOC_STRINGS = NO;
				SWIFT_VERSION = 5.0;
				TARGETED_DEVICE_FAMILY = "1,2";
				TEST_TARGET_NAME = FoodMenu;
			};
			name = Release;
		};
/* End XCBuildConfiguration section */

/* Begin XCConfigurationList section */
		3010ADDA2C96E46C00EE09A0 /* Build configuration list for PBXProject "FoodMenu" */ = {
			isa = XCConfigurationList;
			buildConfigurations = (
				3010AE012C96E46F00EE09A0 /* Debug */,
				3010AE022C96E46F00EE09A0 /* Release */,
			);
			defaultConfigurationIsVisible = 0;
			defaultConfigurationName = Release;
		};
		3010AE032C96E46F00EE09A0 /* Build configuration list for PBXNativeTarget "FoodMenu" */ = {
			isa = XCConfigurationList;
			buildConfigurations = (
				3010AE042C96E46F00EE09A0 /* Debug */,
				3010AE052C96E46F00EE09A0 /* Release */,
			);
			defaultConfigurationIsVisible = 0;
			defaultConfigurationName = Release;
		};
		3010AE062C96E46F00EE09A0 /* Build configuration list for PBXNativeTarget "FoodMenuTests" */ = {
			isa = XCConfigurationList;
			buildConfigurations = (
				3010AE072C96E46F00EE09A0 /* Debug */,
				3010AE082C96E46F00EE09A0 /* Release */,
			);
			defaultConfigurationIsVisible = 0;
			defaultConfigurationName = Release;
		};
		3010AE092C96E46F00EE09A0 /* Build configuration list for PBXNativeTarget "FoodMenuUITests" */ = {
			isa = XCConfigurationList;
			buildConfigurations = (
				3010AE0A2C96E46F00EE09A0 /* Debug */,
				3010AE0B2C96E46F00EE09A0 /* Release */,
			);
			defaultConfigurationIsVisible = 0;
			defaultConfigurationName = Release;
		};
/* End XCConfigurationList section */
	};
	rootObject = 3010ADD72C96E46C00EE09A0 /* Project object */;
}
